
Microsoft Visual Studio Solution File, Format Version 12.00
Project("{2150E333-8FDC-42A3-9474-1A3956D46DE8}") = "2020", "2020", "{9C146C17-812B-4F70-B568-5C9C96CDFFC1}"
EndProject
Project("{2150E333-8FDC-42A3-9474-1A3956D46DE8}") = "C#", "C#", "{988BC06C-1764-4B45-BC5A-D8485688351D}"
EndProject
Project("{FAE04EC0-301F-11D3-BF4B-00C04F79EFBC}") = "Day2", "2020\C#\Day2\Day2.csproj", "{ADA556D9-5DD4-473E-9863-22F30BF1B770}"
EndProject
Project("{FAE04EC0-301F-11D3-BF4B-00C04F79EFBC}") = "Day3", "2020\C#\Day3\Day3.csproj", "{DB1E4AF3-7700-4837-85C2-5781ACDFD61C}"
EndProject
Project("{FAE04EC0-301F-11D3-BF4B-00C04F79EFBC}") = "Day4", "2020\C#\Day4\Day4.csproj", "{82288619-4085-4297-894C-FF762B5BC7A4}"
EndProject
Global
	GlobalSection(SolutionConfigurationPlatforms) = preSolution
		Debug|Any CPU = Debug|Any CPU
		Release|Any CPU = Release|Any CPU
	EndGlobalSection
	GlobalSection(NestedProjects) = preSolution
		{988BC06C-1764-4B45-BC5A-D8485688351D} = {9C146C17-812B-4F70-B568-5C9C96CDFFC1}
		{ADA556D9-5DD4-473E-9863-22F30BF1B770} = {988BC06C-1764-4B45-BC5A-D8485688351D}
		{DB1E4AF3-7700-4837-85C2-5781ACDFD61C} = {988BC06C-1764-4B45-BC5A-D8485688351D}
		{82288619-4085-4297-894C-FF762B5BC7A4} = {988BC06C-1764-4B45-BC5A-D8485688351D}
	EndGlobalSection
	GlobalSection(ProjectConfigurationPlatforms) = postSolution
		{ADA556D9-5DD4-473E-9863-22F30BF1B770}.Debug|Any CPU.ActiveCfg = Debug|Any CPU
		{ADA556D9-5DD4-473E-9863-22F30BF1B770}.Debug|Any CPU.Build.0 = Debug|Any CPU
		{ADA556D9-5DD4-473E-9863-22F30BF1B770}.Release|Any CPU.ActiveCfg = Release|Any CPU
		{ADA556D9-5DD4-473E-9863-22F30BF1B770}.Release|Any CPU.Build.0 = Release|Any CPU
		{DB1E4AF3-7700-4837-85C2-5781ACDFD61C}.Debug|Any CPU.ActiveCfg = Debug|Any CPU
		{DB1E4AF3-7700-4837-85C2-5781ACDFD61C}.Debug|Any CPU.Build.0 = Debug|Any CPU
		{DB1E4AF3-7700-4837-85C2-5781ACDFD61C}.Release|Any CPU.ActiveCfg = Release|Any CPU
		{DB1E4AF3-7700-4837-85C2-5781ACDFD61C}.Release|Any CPU.Build.0 = Release|Any CPU
		{82288619-4085-4297-894C-FF762B5BC7A4}.Debug|Any CPU.ActiveCfg = Debug|Any CPU
		{82288619-4085-4297-894C-FF762B5BC7A4}.Debug|Any CPU.Build.0 = Debug|Any CPU
		{82288619-4085-4297-894C-FF762B5BC7A4}.Release|Any CPU.ActiveCfg = Release|Any CPU
		{82288619-4085-4297-894C-FF762B5BC7A4}.Release|Any CPU.Build.0 = Release|Any CPU
	EndGlobalSection
EndGlobal
